
Microsoft Visual Studio Solution File, Format Version 12.00
# Visual Studio Version 16
VisualStudioVersion = 16.0.30804.86
MinimumVisualStudioVersion = 10.0.40219.1
Project("{9A19103F-16F7-4668-BE54-9A1E7A4F7556}") = "CanteenManagementSystem.Server", "Server\CanteenManagementSystem.Server.csproj", "{FED4E369-0EF3-418E-AAC3-499AD908A2F1}"
EndProject
Project("{9A19103F-16F7-4668-BE54-9A1E7A4F7556}") = "CanteenManagementSystem.Client", "Client\CanteenManagementSystem.Client.csproj", "{428AFD91-AC02-4758-BD2D-4CA538D9917A}"
EndProject
Project("{9A19103F-16F7-4668-BE54-9A1E7A4F7556}") = "CanteenManagementSystem.Shared", "Shared\CanteenManagementSystem.Shared.csproj", "{B817BF47-E33F-4243-8C2D-B6E85962BB58}"
EndProject
Global
	GlobalSection(SolutionConfigurationPlatforms) = preSolution
		Debug|Any CPU = Debug|Any CPU
		Release|Any CPU = Release|Any CPU
	EndGlobalSection
	GlobalSection(ProjectConfigurationPlatforms) = postSolution
		{FED4E369-0EF3-418E-AAC3-499AD908A2F1}.Debug|Any CPU.ActiveCfg = Debug|Any CPU
		{FED4E369-0EF3-418E-AAC3-499AD908A2F1}.Debug|Any CPU.Build.0 = Debug|Any CPU
		{FED4E369-0EF3-418E-AAC3-499AD908A2F1}.Release|Any CPU.ActiveCfg = Release|Any CPU
		{FED4E369-0EF3-418E-AAC3-499AD908A2F1}.Release|Any CPU.Build.0 = Release|Any CPU
		{428AFD91-AC02-4758-BD2D-4CA538D9917A}.Debug|Any CPU.ActiveCfg = Debug|Any CPU
		{428AFD91-AC02-4758-BD2D-4CA538D9917A}.Debug|Any CPU.Build.0 = Debug|Any CPU
		{428AFD91-AC02-4758-BD2D-4CA538D9917A}.Release|Any CPU.ActiveCfg = Release|Any CPU
		{428AFD91-AC02-4758-BD2D-4CA538D9917A}.Release|Any CPU.Build.0 = Release|Any CPU
		{B817BF47-E33F-4243-8C2D-B6E85962BB58}.Debug|Any CPU.ActiveCfg = Debug|Any CPU
		{B817BF47-E33F-4243-8C2D-B6E85962BB58}.Debug|Any CPU.Build.0 = Debug|Any CPU
		{B817BF47-E33F-4243-8C2D-B6E85962BB58}.Release|Any CPU.ActiveCfg = Release|Any CPU
		{B817BF47-E33F-4243-8C2D-B6E85962BB58}.Release|Any CPU.Build.0 = Release|Any CPU
	EndGlobalSection
	GlobalSection(SolutionProperties) = preSolution
		HideSolutionNode = FALSE
	EndGlobalSection
	GlobalSection(ExtensibilityGlobals) = postSolution
		SolutionGuid = {574C4077-0821-4E7B-8A79-C6166C81B409}
	EndGlobalSection
EndGlobal
